<?xml version="1.0" encoding="utf-8"?>
<Project ToolsVersion="4.0" xmlns="http://schemas.microsoft.com/developer/msbuild/2003">
  <ItemGroup>
    <Filter Include="Source Files">
      <UniqueIdentifier>{4FC737F1-C7A5-4376-A066-2A32D752A2FF}</UniqueIdentifier>
      <Extensions>cpp;c;cc;cxx;def;odl;idl;hpj;bat;asm;asmx</Extensions>
    </Filter>
    <Filter Include="Header Files">
      <UniqueIdentifier>{93995380-89BD-4b04-88EB-625FBE52EBFB}</UniqueIdentifier>
      <Extensions>h;hh;hpp;hxx;hm;inl;inc;xsd</Extensions>
    </Filter>
    <Filter Include="Resource Files">
      <UniqueIdentifier>{67DA6AB6-F800-4c08-8B7A-83BB121AAD01}</UniqueIdentifier>
      <Extensions>rc;ico;cur;bmp;dlg;rc2;rct;bin;rgs;gif;jpg;jpeg;jpe;resx;tiff;tif;png;wav;mfcribbon-ms</Extensions>
    </Filter>
    <Filter Include="Source Files\Tracer">
      <UniqueIdentifier>{9a35253a-c9a6-40af-8899-f3a662cce01b}</UniqueIdentifier>
    </Filter>
    <Filter Include="Header Files\Tracer">
      <UniqueIdentifier>{c98911fd-2520-482e-af23-2846126d1232}</UniqueIdentifier>
    </Filter>
    <Filter Include="Source Files\Camera">
      <UniqueIdentifier>{92aeda65-a794-4289-a07c-deafd78dc006}</UniqueIdentifier>
    </Filter>
    <Filter Include="Header Files\Camera">
      <UniqueIdentifier>{f5b8837a-b962-4412-8dad-77d06b022ca9}</UniqueIdentifier>
    </Filter>
    <Filter Include="Header Files\Shape">
      <UniqueIdentifier>{7602cf5a-83aa-4c33-ac95-cea9a09eb6ad}</UniqueIdentifier>
    </Filter>
    <Filter Include="Source Files\Shape">
      <UniqueIdentifier>{4b8779e6-1625-439d-ae5d-1e3153489475}</UniqueIdentifier>
    </Filter>
    <Filter Include="Header Files\Material">
      <UniqueIdentifier>{bb1ebcf5-7bb2-4634-a58e-52295312ff78}</UniqueIdentifier>
    </Filter>
    <Filter Include="Source Files\Material">
      <UniqueIdentifier>{bf006202-b535-4f0a-9848-ff5648397b13}</UniqueIdentifier>
    </Filter>
    <Filter Include="Header Files\Light">
      <UniqueIdentifier>{99307b40-e7a9-432e-8eb4-eb57e8199247}</UniqueIdentifier>
    </Filter>
    <Filter Include="Source Files\Light">
      <UniqueIdentifier>{29c7a156-4bb0-41b3-a8c3-06dc4c1f5bee}</UniqueIdentifier>
    </Filter>
    <Filter Include="Header Files\Primitive">
      <UniqueIdentifier>{319b45ff-4750-4eb9-ade7-657ad20bace6}</UniqueIdentifier>
    </Filter>
    <Filter Include="Source Files\Primitive">
      <UniqueIdentifier>{ae1c5771-4918-4de8-921a-2601c4299890}</UniqueIdentifier>
    </Filter>
    <Filter Include="Header Files\Scene">
      <UniqueIdentifier>{8ac06373-3dd2-4fac-b069-278b8e0311b9}</UniqueIdentifier>
    </Filter>
    <Filter Include="Source Files\Scene">
      <UniqueIdentifier>{53aeb250-8060-476a-8912-b7eb3c45c94f}</UniqueIdentifier>
    </Filter>
  </ItemGroup>
  <ItemGroup>
    <ClCompile Include="source\json.cpp">
      <Filter>Source Files</Filter>
    </ClCompile>
    <ClCompile Include="source\main.cpp">
      <Filter>Source Files</Filter>
    </ClCompile>
    <ClCompile Include="source\Pixel.cpp">
      <Filter>Source Files</Filter>
    </ClCompile>
    <ClCompile Include="source\Sampler.cpp">
      <Filter>Source Files</Filter>
    </ClCompile>
    <ClCompile Include="source\util.cpp">
      <Filter>Source Files</Filter>
    </ClCompile>
    <ClCompile Include="source\Camera\Camera.cpp">
      <Filter>Source Files\Camera</Filter>
    </ClCompile>
    <ClCompile Include="source\Camera\Coordinate_frame.cpp">
      <Filter>Source Files\Camera</Filter>
    </ClCompile>
    <ClCompile Include="source\Camera\Lens_camera.cpp">
      <Filter>Source Files\Camera</Filter>
    </ClCompile>
    <ClCompile Include="source\Camera\Pinhole_camera.cpp">
      <Filter>Source Files\Camera</Filter>
    </ClCompile>
    <ClCompile Include="source\Camera\Ray.cpp">
      <Filter>Source Files\Camera</Filter>
    </ClCompile>
    <ClCompile Include="source\Light\Area_light.cpp">
      <Filter>Source Files\Light</Filter>
    </ClCompile>
    <ClCompile Include="source\Light\ILight.cpp">
      <Filter>Source Files\Light</Filter>
    </ClCompile>
    <ClCompile Include="source\Light\Point_light.cpp">
      <Filter>Source Files\Light</Filter>
    </ClCompile>
    <ClCompile Include="source\Material\Ad_hoc_material.cpp">
      <Filter>Source Files\Material</Filter>
    </ClCompile>
    <ClCompile Include="source\Material\BxDF.cpp">
      <Filter>Source Files\Material</Filter>
    </ClCompile>
    <ClCompile Include="source\Material\IMaterial.cpp">
      <Filter>Source Files\Material</Filter>
    </ClCompile>
    <ClCompile Include="source\Material\spectrum.cpp">
      <Filter>Source Files\Material</Filter>
    </ClCompile>
    <ClCompile Include="source\Primitive\Emissive_primitive.cpp">
      <Filter>Source Files\Primitive</Filter>
    </ClCompile>
    <ClCompile Include="source\Primitive\Geometric_primitive.cpp">
      <Filter>Source Files\Primitive</Filter>
    </ClCompile>
    <ClCompile Include="source\Primitive\IPrimitive.cpp">
      <Filter>Source Files\Primitive</Filter>
    </ClCompile>
    <ClCompile Include="source\Scene\Scene.cpp">
      <Filter>Source Files\Scene</Filter>
    </ClCompile>
    <ClCompile Include="source\Shape\Intersection.cpp">
      <Filter>Source Files\Shape</Filter>
    </ClCompile>
    <ClCompile Include="source\Shape\IShape.cpp">
      <Filter>Source Files\Shape</Filter>
    </ClCompile>
    <ClCompile Include="source\Shape\Sphere.cpp">
      <Filter>Source Files\Shape</Filter>
    </ClCompile>
    <ClCompile Include="source\Tracer\Distributed_tracer.cpp">
      <Filter>Source Files\Tracer</Filter>
    </ClCompile>
    <ClCompile Include="source\Tracer\Path_tracer.cpp">
      <Filter>Source Files\Tracer</Filter>
    </ClCompile>
    <ClCompile Include="source\Tracer\Tracer.cpp">
      <Filter>Source Files\Tracer</Filter>
    </ClCompile>
    <ClCompile Include="source\Tracer\Whitted_tracer.cpp">
      <Filter>Source Files\Tracer</Filter>
    </ClCompile>
  </ItemGroup>
  <ItemGroup>
    <None Include="packages.config" />
    <None Include=".clang-format" />
    <None Include=".clang-tidy" />
  </ItemGroup>
  <ItemGroup>
    <ClInclude Include="include\json.h">
      <Filter>Header Files</Filter>
    </ClInclude>
    <ClInclude Include="include\Pixel.h">
      <Filter>Header Files</Filter>
    </ClInclude>
    <ClInclude Include="include\Sampler.h">
      <Filter>Header Files</Filter>
    </ClInclude>
    <ClInclude Include="include\shader.h">
      <Filter>Header Files</Filter>
    </ClInclude>
    <ClInclude Include="include\util.h">
      <Filter>Header Files</Filter>
    </ClInclude>
    <ClInclude Include="include\Camera\Camera.h">
      <Filter>Header Files\Camera</Filter>
    </ClInclude>
    <ClInclude Include="include\Camera\Coordinate_frame.h">
      <Filter>Header Files\Camera</Filter>
    </ClInclude>
    <ClInclude Include="include\Camera\Lens_camera.h">
      <Filter>Header Files\Camera</Filter>
    </ClInclude>
    <ClInclude Include="include\Camera\Pinhole_camera.h">
      <Filter>Header Files\Camera</Filter>
    </ClInclude>
    <ClInclude Include="include\Camera\Ray.h">
      <Filter>Header Files\Camera</Filter>
    </ClInclude>
    <ClInclude Include="include\Light\Area_light.h">
      <Filter>Header Files\Light</Filter>
    </ClInclude>
    <ClInclude Include="include\Light\ILight.h">
      <Filter>Header Files\Light</Filter>
    </ClInclude>
    <ClInclude Include="include\Light\Point_light.h">
      <Filter>Header Files\Light</Filter>
    </ClInclude>
    <ClInclude Include="include\Material\Ad_hoc_material.h">
      <Filter>Header Files\Material</Filter>
    </ClInclude>
    <ClInclude Include="include\Material\BxDF.h">
      <Filter>Header Files\Material</Filter>
    </ClInclude>
    <ClInclude Include="include\Material\IMaterial.h">
      <Filter>Header Files\Material</Filter>
    </ClInclude>
    <ClInclude Include="include\Material\spectrum.h">
      <Filter>Header Files\Material</Filter>
    </ClInclude>
    <ClInclude Include="include\Primitive\Emissive_primitive.h">
      <Filter>Header Files\Primitive</Filter>
    </ClInclude>
    <ClInclude Include="include\Primitive\Geometric_primitive.h">
      <Filter>Header Files\Primitive</Filter>
    </ClInclude>
    <ClInclude Include="include\Primitive\IPrimitive.h">
      <Filter>Header Files\Primitive</Filter>
    </ClInclude>
    <ClInclude Include="include\Scene\Scene.h">
      <Filter>Header Files\Scene</Filter>
    </ClInclude>
    <ClInclude Include="include\Shape\Intersection.h">
      <Filter>Header Files\Shape</Filter>
    </ClInclude>
    <ClInclude Include="include\Shape\IShape.h">
      <Filter>Header Files\Shape</Filter>
    </ClInclude>
    <ClInclude Include="include\Shape\Sphere.h">
      <Filter>Header Files\Shape</Filter>
    </ClInclude>
    <ClInclude Include="include\Tracer\Distributed_tracer.h">
      <Filter>Header Files\Tracer</Filter>
    </ClInclude>
    <ClInclude Include="include\Tracer\Path_tracer.h">
      <Filter>Header Files\Tracer</Filter>
    </ClInclude>
    <ClInclude Include="include\Tracer\Tracer.h">
      <Filter>Header Files\Tracer</Filter>
    </ClInclude>
    <ClInclude Include="include\Tracer\Whitted_tracer.h">
      <Filter>Header Files\Tracer</Filter>
    </ClInclude>
  </ItemGroup>
</Project>